
Microsoft Visual Studio Solution File, Format Version 12.00
# Visual Studio Version 16
VisualStudioVersion = 16.0.30413.136
MinimumVisualStudioVersion = 10.0.40219.1
Project("{FAE04EC0-301F-11D3-BF4B-00C04F79EFBC}") = "CinemaApp", "CinemaApp\CinemaApp.csproj", "{13C761E4-900D-400E-B2A0-0445BC811CA9}"
EndProject
Project("{FAE04EC0-301F-11D3-BF4B-00C04F79EFBC}") = "CinemaApp.Tests", "CinemaApp.Tests\CinemaApp.Tests.csproj", "{5368C68D-8EB4-49B5-9065-3F2AC8911C8E}"
EndProject
Global
	GlobalSection(SolutionConfigurationPlatforms) = preSolution
		Debug|Any CPU = Debug|Any CPU
		Release|Any CPU = Release|Any CPU
	EndGlobalSection
	GlobalSection(ProjectConfigurationPlatforms) = postSolution
		{13C761E4-900D-400E-B2A0-0445BC811CA9}.Debug|Any CPU.ActiveCfg = Debug|Any CPU
		{13C761E4-900D-400E-B2A0-0445BC811CA9}.Debug|Any CPU.Build.0 = Debug|Any CPU
		{13C761E4-900D-400E-B2A0-0445BC811CA9}.Release|Any CPU.ActiveCfg = Release|Any CPU
		{13C761E4-900D-400E-B2A0-0445BC811CA9}.Release|Any CPU.Build.0 = Release|Any CPU
		{5368C68D-8EB4-49B5-9065-3F2AC8911C8E}.Debug|Any CPU.ActiveCfg = Debug|Any CPU
		{5368C68D-8EB4-49B5-9065-3F2AC8911C8E}.Debug|Any CPU.Build.0 = Debug|Any CPU
		{5368C68D-8EB4-49B5-9065-3F2AC8911C8E}.Release|Any CPU.ActiveCfg = Release|Any CPU
		{5368C68D-8EB4-49B5-9065-3F2AC8911C8E}.Release|Any CPU.Build.0 = Release|Any CPU
	EndGlobalSection
	GlobalSection(SolutionProperties) = preSolution
		HideSolutionNode = FALSE
	EndGlobalSection
	GlobalSection(ExtensibilityGlobals) = postSolution
		SolutionGuid = {C06136D9-13C3-44FD-B7D7-5D79FA121A81}
	EndGlobalSection
EndGlobal
